
Microsoft Visual Studio Solution File, Format Version 12.00
# Visual Studio Version 17
VisualStudioVersion = 17.14.36127.28
MinimumVisualStudioVersion = 10.0.40219.1
Project("{FAE04EC0-301F-11D3-BF4B-00C04F79EFBC}") = "H5-GenericDataLogger", "H5-GenericDataLogger\H5-GenericDataLogger.csproj", "{453A234C-F7B2-4D8F-A6D3-3E862CBDC9AA}"
EndProject
Project("{FAE04EC0-301F-11D3-BF4B-00C04F79EFBC}") = "H5-GenericDataLogger.Data", "H5-GenericDataLogger.Data\H5-GenericDataLogger.Data.csproj", "{44DE4AFA-C3A9-4D9E-B645-6D38036A29B3}"
EndProject
Global
	GlobalSection(SolutionConfigurationPlatforms) = preSolution
		Debug|Any CPU = Debug|Any CPU
		Release|Any CPU = Release|Any CPU
	EndGlobalSection
	GlobalSection(ProjectConfigurationPlatforms) = postSolution
		{453A234C-F7B2-4D8F-A6D3-3E862CBDC9AA}.Debug|Any CPU.ActiveCfg = Debug|Any CPU
		{453A234C-F7B2-4D8F-A6D3-3E862CBDC9AA}.Debug|Any CPU.Build.0 = Debug|Any CPU
		{453A234C-F7B2-4D8F-A6D3-3E862CBDC9AA}.Release|Any CPU.ActiveCfg = Release|Any CPU
		{453A234C-F7B2-4D8F-A6D3-3E862CBDC9AA}.Release|Any CPU.Build.0 = Release|Any CPU
		{44DE4AFA-C3A9-4D9E-B645-6D38036A29B3}.Debug|Any CPU.ActiveCfg = Debug|Any CPU
		{44DE4AFA-C3A9-4D9E-B645-6D38036A29B3}.Debug|Any CPU.Build.0 = Debug|Any CPU
		{44DE4AFA-C3A9-4D9E-B645-6D38036A29B3}.Release|Any CPU.ActiveCfg = Release|Any CPU
		{44DE4AFA-C3A9-4D9E-B645-6D38036A29B3}.Release|Any CPU.Build.0 = Release|Any CPU
	EndGlobalSection
	GlobalSection(SolutionProperties) = preSolution
		HideSolutionNode = FALSE
	EndGlobalSection
	GlobalSection(ExtensibilityGlobals) = postSolution
		SolutionGuid = {E9321120-4ACD-4D58-BF46-4C87089B9A0C}
	EndGlobalSection
EndGlobal
